
Microsoft Visual Studio Solution File, Format Version 12.00
# Visual Studio Version 16
VisualStudioVersion = 16.0.810.6
MinimumVisualStudioVersion = 10.0.40219.1
Project("{FAE04EC0-301F-11D3-BF4B-00C04F79EFBC}") = "TextAdventure", "TextAdventure\TextAdventure.csproj", "{178D4D26-04C2-4716-9FF9-DA44EF1BB8CE}"
EndProject
Global
	GlobalSection(SolutionConfigurationPlatforms) = preSolution
		Debug|Any CPU = Debug|Any CPU
		Release|Any CPU = Release|Any CPU
	EndGlobalSection
	GlobalSection(ProjectConfigurationPlatforms) = postSolution
		{178D4D26-04C2-4716-9FF9-DA44EF1BB8CE}.Debug|Any CPU.ActiveCfg = Debug|Any CPU
		{178D4D26-04C2-4716-9FF9-DA44EF1BB8CE}.Debug|Any CPU.Build.0 = Debug|Any CPU
		{178D4D26-04C2-4716-9FF9-DA44EF1BB8CE}.Release|Any CPU.ActiveCfg = Release|Any CPU
		{178D4D26-04C2-4716-9FF9-DA44EF1BB8CE}.Release|Any CPU.Build.0 = Release|Any CPU
	EndGlobalSection
	GlobalSection(SolutionProperties) = preSolution
		HideSolutionNode = FALSE
	EndGlobalSection
	GlobalSection(ExtensibilityGlobals) = postSolution
		SolutionGuid = {92D5F877-CCF2-4917-A3F4-35906326D683}
	EndGlobalSection
EndGlobal
