
Microsoft Visual Studio Solution File, Format Version 12.00
# Visual Studio Version 16
VisualStudioVersion = 16.0.810.14
MinimumVisualStudioVersion = 10.0.40219.1
Project("{FAE04EC0-301F-11D3-BF4B-00C04F79EFBC}") = "BlakesCalculator", "BlakesCalculator\BlakesCalculator.csproj", "{126696FA-CB52-426D-9758-D85B78640793}"
EndProject
Global
	GlobalSection(SolutionConfigurationPlatforms) = preSolution
		Debug|Any CPU = Debug|Any CPU
		Release|Any CPU = Release|Any CPU
	EndGlobalSection
	GlobalSection(ProjectConfigurationPlatforms) = postSolution
		{126696FA-CB52-426D-9758-D85B78640793}.Debug|Any CPU.ActiveCfg = Debug|Any CPU
		{126696FA-CB52-426D-9758-D85B78640793}.Debug|Any CPU.Build.0 = Debug|Any CPU
		{126696FA-CB52-426D-9758-D85B78640793}.Release|Any CPU.ActiveCfg = Release|Any CPU
		{126696FA-CB52-426D-9758-D85B78640793}.Release|Any CPU.Build.0 = Release|Any CPU
	EndGlobalSection
	GlobalSection(SolutionProperties) = preSolution
		HideSolutionNode = FALSE
	EndGlobalSection
	GlobalSection(ExtensibilityGlobals) = postSolution
		SolutionGuid = {8350FBEB-1551-4A2B-A921-1FB992EF5585}
	EndGlobalSection
EndGlobal
